
Microsoft Visual Studio Solution File, Format Version 12.00
# Visual Studio Version 17
VisualStudioVersion = 17.14.35431.124
MinimumVisualStudioVersion = 10.0.40219.1
Project("{8BC9CEB8-8B4A-11D0-8D11-00A0C91BC942}") = "LayerMount.dll", "src\LayerMount.dll\LayerMount.dll.vcxproj", "{6DF4AB1A-9E0C-4A0F-8E3C-D5B7C79F2AA1}"
EndProject
Project("{8BC9CEB8-8B4A-11D0-8D11-00A0C91BC942}") = "LayerMount-static", "src\LayerMount.dll\LayerMount-static.vcxproj", "{3B8F9E2C-4D1A-4B7E-90B3-E6C2A4F8D133}"
EndProject
Project("{8BC9CEB8-8B4A-11D0-8D11-00A0C91BC942}") = "LayerMount.Tests", "src\LayerMount.Tests\LayerMount.Tests.vcxproj", "{4D603A55-1035-4667-9859-AEEC9419AEAB}"
EndProject
Project("{9A19103F-16F7-4668-BE54-9A1E7A4F7556}") = "LayerMount.NET", "src\LayerMount.NET\LayerMount.NET.csproj", "{7C1D9E4A-F286-4B5D-B8A1-5E9F3D2C7A42}"
EndProject
Project("{8BC9CEB8-8B4A-11D0-8D11-00A0C91BC942}") = "LayerMount.AbiTests", "src\LayerMount.AbiTests\LayerMount.AbiTests.vcxproj", "{C1E8A6D2-3A94-4F5E-9DD0-7B4E8C1F2A33}"
EndProject
Project("{9A19103F-16F7-4668-BE54-9A1E7A4F7556}") = "LayerMount.NET.Tests", "src\LayerMount.NET.Tests\LayerMount.NET.Tests.csproj", "{D4F2B881-6E17-4A9B-8E1D-2C5F7A9D3E68}"
EndProject
Project("{9A19103F-16F7-4668-BE54-9A1E7A4F7556}") = "LayerMount.TestShared", "src\LayerMount.TestShared\LayerMount.TestShared.csproj", "{A196F266-F6B5-4BB5-9864-C02197728AFA}"
EndProject
Project("{9A19103F-16F7-4668-BE54-9A1E7A4F7556}") = "LayerMount.Native.Package", "src\LayerMount.Native.Package\LayerMount.Native.Package.csproj", "{B17E2DCB-9C44-47AE-8B40-3F8D69A4C0E1}"
EndProject
Project("{9A19103F-16F7-4668-BE54-9A1E7A4F7556}") = "LayerMount.Version", "build\LayerMount.Version.csproj", "{F2B6E908-1F92-4F4D-A5D6-9C7BE3DE9D24}"
EndProject
Project("{2150E333-8FDC-42A3-9474-1A3956D46DE8}") = "Source", "Source", "{0BE3E5BA-4379-4A38-810C-6413C19B5688}"
EndProject
Project("{2150E333-8FDC-42A3-9474-1A3956D46DE8}") = "Tests", "Tests", "{E5BC46FE-09B3-4EF0-B409-015E4943E3A0}"
EndProject
Project("{2150E333-8FDC-42A3-9474-1A3956D46DE8}") = "Build", "Build", "{2C45B819-3CCB-4F35-BA9E-3C0F75F38CDE}"
EndProject
Global
	GlobalSection(SolutionConfigurationPlatforms) = preSolution
		Debug|x64 = Debug|x64
		Release|x64 = Release|x64
		Debug|ARM64 = Debug|ARM64
		Release|ARM64 = Release|ARM64
	EndGlobalSection
	GlobalSection(ProjectConfigurationPlatforms) = postSolution
		{6DF4AB1A-9E0C-4A0F-8E3C-D5B7C79F2AA1}.Debug|x64.ActiveCfg = Debug|x64
		{6DF4AB1A-9E0C-4A0F-8E3C-D5B7C79F2AA1}.Debug|x64.Build.0 = Debug|x64
		{6DF4AB1A-9E0C-4A0F-8E3C-D5B7C79F2AA1}.Release|x64.ActiveCfg = Release|x64
		{6DF4AB1A-9E0C-4A0F-8E3C-D5B7C79F2AA1}.Release|x64.Build.0 = Release|x64
		{6DF4AB1A-9E0C-4A0F-8E3C-D5B7C79F2AA1}.Debug|ARM64.ActiveCfg = Debug|ARM64
		{6DF4AB1A-9E0C-4A0F-8E3C-D5B7C79F2AA1}.Debug|ARM64.Build.0 = Debug|ARM64
		{6DF4AB1A-9E0C-4A0F-8E3C-D5B7C79F2AA1}.Release|ARM64.ActiveCfg = Release|ARM64
		{6DF4AB1A-9E0C-4A0F-8E3C-D5B7C79F2AA1}.Release|ARM64.Build.0 = Release|ARM64
		{3B8F9E2C-4D1A-4B7E-90B3-E6C2A4F8D133}.Debug|x64.ActiveCfg = Debug|x64
		{3B8F9E2C-4D1A-4B7E-90B3-E6C2A4F8D133}.Debug|x64.Build.0 = Debug|x64
		{3B8F9E2C-4D1A-4B7E-90B3-E6C2A4F8D133}.Release|x64.ActiveCfg = Release|x64
		{3B8F9E2C-4D1A-4B7E-90B3-E6C2A4F8D133}.Release|x64.Build.0 = Release|x64
		{3B8F9E2C-4D1A-4B7E-90B3-E6C2A4F8D133}.Debug|ARM64.ActiveCfg = Debug|ARM64
		{3B8F9E2C-4D1A-4B7E-90B3-E6C2A4F8D133}.Debug|ARM64.Build.0 = Debug|ARM64
		{3B8F9E2C-4D1A-4B7E-90B3-E6C2A4F8D133}.Release|ARM64.ActiveCfg = Release|ARM64
		{3B8F9E2C-4D1A-4B7E-90B3-E6C2A4F8D133}.Release|ARM64.Build.0 = Release|ARM64
		{4D603A55-1035-4667-9859-AEEC9419AEAB}.Debug|x64.ActiveCfg = Debug|x64
		{4D603A55-1035-4667-9859-AEEC9419AEAB}.Debug|x64.Build.0 = Debug|x64
		{4D603A55-1035-4667-9859-AEEC9419AEAB}.Release|x64.ActiveCfg = Release|x64
		{4D603A55-1035-4667-9859-AEEC9419AEAB}.Release|x64.Build.0 = Release|x64
		{4D603A55-1035-4667-9859-AEEC9419AEAB}.Debug|ARM64.ActiveCfg = Debug|x64
		{4D603A55-1035-4667-9859-AEEC9419AEAB}.Release|ARM64.ActiveCfg = Release|x64
		{7C1D9E4A-F286-4B5D-B8A1-5E9F3D2C7A42}.Debug|x64.ActiveCfg = Debug|AnyCPU
		{7C1D9E4A-F286-4B5D-B8A1-5E9F3D2C7A42}.Debug|x64.Build.0 = Debug|AnyCPU
		{7C1D9E4A-F286-4B5D-B8A1-5E9F3D2C7A42}.Release|x64.ActiveCfg = Release|AnyCPU
		{7C1D9E4A-F286-4B5D-B8A1-5E9F3D2C7A42}.Release|x64.Build.0 = Release|AnyCPU
		{7C1D9E4A-F286-4B5D-B8A1-5E9F3D2C7A42}.Debug|ARM64.ActiveCfg = Debug|AnyCPU
		{7C1D9E4A-F286-4B5D-B8A1-5E9F3D2C7A42}.Debug|ARM64.Build.0 = Debug|AnyCPU
		{7C1D9E4A-F286-4B5D-B8A1-5E9F3D2C7A42}.Release|ARM64.ActiveCfg = Release|AnyCPU
		{7C1D9E4A-F286-4B5D-B8A1-5E9F3D2C7A42}.Release|ARM64.Build.0 = Release|AnyCPU
		{C1E8A6D2-3A94-4F5E-9DD0-7B4E8C1F2A33}.Debug|x64.ActiveCfg = Debug|x64
		{C1E8A6D2-3A94-4F5E-9DD0-7B4E8C1F2A33}.Debug|x64.Build.0 = Debug|x64
		{C1E8A6D2-3A94-4F5E-9DD0-7B4E8C1F2A33}.Release|x64.ActiveCfg = Release|x64
		{C1E8A6D2-3A94-4F5E-9DD0-7B4E8C1F2A33}.Release|x64.Build.0 = Release|x64
		{C1E8A6D2-3A94-4F5E-9DD0-7B4E8C1F2A33}.Debug|ARM64.ActiveCfg = Debug|x64
		{C1E8A6D2-3A94-4F5E-9DD0-7B4E8C1F2A33}.Release|ARM64.ActiveCfg = Release|x64
		{D4F2B881-6E17-4A9B-8E1D-2C5F7A9D3E68}.Debug|x64.ActiveCfg = Debug|x64
		{D4F2B881-6E17-4A9B-8E1D-2C5F7A9D3E68}.Debug|x64.Build.0 = Debug|x64
		{D4F2B881-6E17-4A9B-8E1D-2C5F7A9D3E68}.Release|x64.ActiveCfg = Release|x64
		{D4F2B881-6E17-4A9B-8E1D-2C5F7A9D3E68}.Release|x64.Build.0 = Release|x64
		{D4F2B881-6E17-4A9B-8E1D-2C5F7A9D3E68}.Debug|ARM64.ActiveCfg = Debug|x64
		{D4F2B881-6E17-4A9B-8E1D-2C5F7A9D3E68}.Release|ARM64.ActiveCfg = Release|x64
		{A196F266-F6B5-4BB5-9864-C02197728AFA}.Debug|x64.ActiveCfg = Debug|x64
		{A196F266-F6B5-4BB5-9864-C02197728AFA}.Debug|x64.Build.0 = Debug|x64
		{A196F266-F6B5-4BB5-9864-C02197728AFA}.Release|x64.ActiveCfg = Release|x64
		{A196F266-F6B5-4BB5-9864-C02197728AFA}.Release|x64.Build.0 = Release|x64
		{A196F266-F6B5-4BB5-9864-C02197728AFA}.Debug|ARM64.ActiveCfg = Debug|x64
		{A196F266-F6B5-4BB5-9864-C02197728AFA}.Release|ARM64.ActiveCfg = Release|x64
		{B17E2DCB-9C44-47AE-8B40-3F8D69A4C0E1}.Debug|x64.ActiveCfg = Debug|AnyCPU
		{B17E2DCB-9C44-47AE-8B40-3F8D69A4C0E1}.Debug|x64.Build.0 = Debug|AnyCPU
		{B17E2DCB-9C44-47AE-8B40-3F8D69A4C0E1}.Release|x64.ActiveCfg = Release|AnyCPU
		{B17E2DCB-9C44-47AE-8B40-3F8D69A4C0E1}.Release|x64.Build.0 = Release|AnyCPU
		{B17E2DCB-9C44-47AE-8B40-3F8D69A4C0E1}.Debug|ARM64.ActiveCfg = Debug|AnyCPU
		{B17E2DCB-9C44-47AE-8B40-3F8D69A4C0E1}.Debug|ARM64.Build.0 = Debug|AnyCPU
		{B17E2DCB-9C44-47AE-8B40-3F8D69A4C0E1}.Release|ARM64.ActiveCfg = Release|AnyCPU
		{B17E2DCB-9C44-47AE-8B40-3F8D69A4C0E1}.Release|ARM64.Build.0 = Release|AnyCPU
		{F2B6E908-1F92-4F4D-A5D6-9C7BE3DE9D24}.Debug|x64.ActiveCfg = Debug|AnyCPU
		{F2B6E908-1F92-4F4D-A5D6-9C7BE3DE9D24}.Release|x64.ActiveCfg = Release|AnyCPU
		{F2B6E908-1F92-4F4D-A5D6-9C7BE3DE9D24}.Debug|ARM64.ActiveCfg = Debug|AnyCPU
		{F2B6E908-1F92-4F4D-A5D6-9C7BE3DE9D24}.Release|ARM64.ActiveCfg = Release|AnyCPU
	EndGlobalSection
	GlobalSection(SolutionProperties) = preSolution
		HideSolutionNode = FALSE
	EndGlobalSection
	GlobalSection(NestedProjects) = preSolution
		{6DF4AB1A-9E0C-4A0F-8E3C-D5B7C79F2AA1} = {0BE3E5BA-4379-4A38-810C-6413C19B5688}
		{3B8F9E2C-4D1A-4B7E-90B3-E6C2A4F8D133} = {0BE3E5BA-4379-4A38-810C-6413C19B5688}
		{7C1D9E4A-F286-4B5D-B8A1-5E9F3D2C7A42} = {0BE3E5BA-4379-4A38-810C-6413C19B5688}
		{B17E2DCB-9C44-47AE-8B40-3F8D69A4C0E1} = {0BE3E5BA-4379-4A38-810C-6413C19B5688}
		{4D603A55-1035-4667-9859-AEEC9419AEAB} = {E5BC46FE-09B3-4EF0-B409-015E4943E3A0}
		{C1E8A6D2-3A94-4F5E-9DD0-7B4E8C1F2A33} = {E5BC46FE-09B3-4EF0-B409-015E4943E3A0}
		{A196F266-F6B5-4BB5-9864-C02197728AFA} = {E5BC46FE-09B3-4EF0-B409-015E4943E3A0}
		{D4F2B881-6E17-4A9B-8E1D-2C5F7A9D3E68} = {E5BC46FE-09B3-4EF0-B409-015E4943E3A0}
		{F2B6E908-1F92-4F4D-A5D6-9C7BE3DE9D24} = {2C45B819-3CCB-4F35-BA9E-3C0F75F38CDE}
	EndGlobalSection
	GlobalSection(ExtensibilityGlobals) = postSolution
		SolutionGuid = {F0A1B2C3-D4E5-6F78-9A0B-1C2D3E4F5A6B}
	EndGlobalSection
EndGlobal
